# This file is generated by running "yarn install" inside your project.
# Manual changes might be lost - proceed with caution!

__metadata:
  version: 6
  cacheKey: 8

"@mono/react-component@workspace:packages/react-component":
  version: 0.0.0-use.local
  resolution: "@mono/react-component@workspace:packages/react-component"
  dependencies:
    "@types/react": ^18
    "@types/react-dom": ^18
    react: ^18.1.0
    react-dom: ^18.1.0
    typescript: ^4.6.3
  languageName: unknown
  linkType: soft

"@mono/react-web-app@workspace:packages/react-web-app":
  version: 0.0.0-use.local
  resolution: "@mono/react-web-app@workspace:packages/react-web-app"
  dependencies:
    "@types/react": ^18
    "@types/react-dom": ^18
    react: ^18.1.0
    react-dom: ^18.1.0
    typescript: ^4.6.3
  languageName: unknown
  linkType: soft

"@mono/theme@workspace:packages/theme":
  version: 0.0.0-use.local
  resolution: "@mono/theme@workspace:packages/theme"
  dependencies:
    typescript: ^4.6.3
  languageName: unknown
  linkType: soft

"@types/node@npm:^17.0.29":
  version: 17.0.29
  resolution: "@types/node@npm:17.0.29"
  checksum: bb9d7bce9d6d3882efd9d63b773b548dce98df4bd57eff8ceaa316aa2f3346e36d3618764cc93da84bbff92005174a35eec3465cde91ee973ef1c351ffa40074
  languageName: node
  linkType: hard

"@types/prop-types@npm:*":
  version: 15.7.5
  resolution: "@types/prop-types@npm:15.7.5"
  checksum: 5b43b8b15415e1f298243165f1d44390403bb2bd42e662bca3b5b5633fdd39c938e91b7fce3a9483699db0f7a715d08cef220c121f723a634972fdf596aec980
  languageName: node
  linkType: hard

"@types/react-dom@npm:^18":
  version: 18.0.2
  resolution: "@types/react-dom@npm:18.0.2"
  dependencies:
    "@types/react": "*"
  checksum: 2b0b138d8634ccfd8a86b17cb5414b122ee0cb6f650377d772f6008761a27e4c2531c08e3cab71aaa19b6893af6a508c664aa314db3ebcff5b8179173c9c9307
  languageName: node
  linkType: hard

"@types/react@npm:*, @types/react@npm:^18":
  version: 18.0.8
  resolution: "@types/react@npm:18.0.8"
  dependencies:
    "@types/prop-types": "*"
    "@types/scheduler": "*"
    csstype: ^3.0.2
  checksum: 12d0e6bc390709926d8eaeb7d2edb4ef9c9fbe8eac41cb0619d958386700547bff91c880c2a12a9eb1e0d09afa4f1e86fd1b93164c627824465b72123f149f3b
  languageName: node
  linkType: hard

"@types/scheduler@npm:*":
  version: 0.16.2
  resolution: "@types/scheduler@npm:0.16.2"
  checksum: b6b4dcfeae6deba2e06a70941860fb1435730576d3689225a421280b7742318d1548b3d22c1f66ab68e414f346a9542f29240bc955b6332c5b11e561077583bc
  languageName: node
  linkType: hard

"csstype@npm:^3.0.2":
  version: 3.0.11
  resolution: "csstype@npm:3.0.11"
  checksum: 95e56abfe9ca219ae065acb4e43f61771a03170eed919127f558dfa168240867aba7629c8d98a201a0dd06d9a5ce82686f0570031c928516c61816adbc7c877f
  languageName: node
  linkType: hard

"js-tokens@npm:^3.0.0 || ^4.0.0":
  version: 4.0.0
  resolution: "js-tokens@npm:4.0.0"
  checksum: 8a95213a5a77deb6cbe94d86340e8d9ace2b93bc367790b260101d2f36a2eaf4e4e22d9fa9cf459b38af3a32fb4190e638024cf82ec95ef708680e405ea7cc78
  languageName: node
  linkType: hard

"loose-envify@npm:^1.1.0":
  version: 1.4.0
  resolution: "loose-envify@npm:1.4.0"
  dependencies:
    js-tokens: ^3.0.0 || ^4.0.0
  bin:
    loose-envify: cli.js
  checksum: 6517e24e0cad87ec9888f500c5b5947032cdfe6ef65e1c1936a0c48a524b81e65542c9c3edc91c97d5bddc806ee2a985dbc79be89215d613b1de5db6d1cfe6f4
  languageName: node
  linkType: hard

"react-dom@npm:^18.1.0":
  version: 18.1.0
  resolution: "react-dom@npm:18.1.0"
  dependencies:
    loose-envify: ^1.1.0
    scheduler: ^0.22.0
  peerDependencies:
    react: ^18.1.0
  checksum: bb0d48eeb0b297c79c2a03978baa29f5b3ff7ba3d070b21e34c9af1a6e7fdf0ca8b8d73e41f9214d91ad40eeb6d1f3559f884cbbc338713374a51320637c23df
  languageName: node
  linkType: hard

"react@npm:^18.1.0":
  version: 18.1.0
  resolution: "react@npm:18.1.0"
  dependencies:
    loose-envify: ^1.1.0
  checksum: 5bb296b561b43ef2220395da4faac86c14a087c8c80e1a7598a5740f01ee605c11eaf249985c1e2000971c4cd32ccb46d40f00479bbd9fb6b1c7cf857393b7d4
  languageName: node
  linkType: hard

"scheduler@npm:^0.22.0":
  version: 0.22.0
  resolution: "scheduler@npm:0.22.0"
  dependencies:
    loose-envify: ^1.1.0
  checksum: a8ef5cab769c020cd6382ad9ecc3f72dbde56a50a36639b3a42ad9c11f7724f03700bcad373044059b8067d4a6365154dc7c0ca8027ef20ff4900cf58a0fc2c5
  languageName: node
  linkType: hard

"ts-mono-repo@workspace:.":
  version: 0.0.0-use.local
  resolution: "ts-mono-repo@workspace:."
  dependencies:
    "@types/node": ^17.0.29
    typescript: ^4.6.3
  languageName: unknown
  linkType: soft

"typescript@npm:^4.6.3":
  version: 4.6.3
  resolution: "typescript@npm:4.6.3"
  bin:
    tsc: bin/tsc
    tsserver: bin/tsserver
  checksum: 255bb26c8cb846ca689dd1c3a56587af4f69055907aa2c154796ea28ee0dea871535b1c78f85a6212c77f2657843a269c3a742d09d81495b97b914bf7920415b
  languageName: node
  linkType: hard

"typescript@patch:typescript@^4.6.3#~builtin<compat/typescript>":
  version: 4.6.3
  resolution: "typescript@patch:typescript@npm%3A4.6.3#~builtin<compat/typescript>::version=4.6.3&hash=bda367"
  bin:
    tsc: bin/tsc
    tsserver: bin/tsserver
  checksum: 6bf45caf847062420592e711bc9c28bf5f9a9a7fa8245343b81493e4ededae33f1774009d1234d911422d1646a2c839f44e1a23ecb111b40a60ac2ea4c1482a8
  languageName: node
  linkType: hard
